
Microsoft Visual Studio Solution File, Format Version 12.00
# Visual Studio 15
VisualStudioVersion = 15.0.27004.2005
MinimumVisualStudioVersion = 10.0.40219.1
Project("{FAE04EC0-301F-11D3-BF4B-00C04F79EFBC}") = "AdventOfCode", "AdventOfCode\AdventOfCode.csproj", "{2F5EF1CD-7286-4BAD-9C85-352EAF9E7057}"
EndProject
Global
	GlobalSection(SolutionConfigurationPlatforms) = preSolution
		Debug|Any CPU = Debug|Any CPU
		Release|Any CPU = Release|Any CPU
	EndGlobalSection
	GlobalSection(ProjectConfigurationPlatforms) = postSolution
		{2F5EF1CD-7286-4BAD-9C85-352EAF9E7057}.Debug|Any CPU.ActiveCfg = Debug|Any CPU
		{2F5EF1CD-7286-4BAD-9C85-352EAF9E7057}.Debug|Any CPU.Build.0 = Debug|Any CPU
		{2F5EF1CD-7286-4BAD-9C85-352EAF9E7057}.Release|Any CPU.ActiveCfg = Release|Any CPU
		{2F5EF1CD-7286-4BAD-9C85-352EAF9E7057}.Release|Any CPU.Build.0 = Release|Any CPU
	EndGlobalSection
	GlobalSection(SolutionProperties) = preSolution
		HideSolutionNode = FALSE
	EndGlobalSection
	GlobalSection(ExtensibilityGlobals) = postSolution
		SolutionGuid = {D9D9E2C0-6782-45AF-A6F0-206E0D2340C4}
	EndGlobalSection
EndGlobal
